// !$*UTF8*$!
{
	archiveVersion = 1;
	classes = {
	};
	objectVersion = 55;
	objects = {

/* Begin PBXBuildFile section */
		6160E119295F403E00896F7E /* PrettyAxis in Frameworks */ = {isa = PBXBuildFile; productRef = 6160E118295F403E00896F7E /* PrettyAxis */; };
		6160E12B295F47B500896F7E /* Preview Content in Resources */ = {isa = PBXBuildFile; fileRef = 6160E125295F47B500896F7E /* Preview Content */; };
		616954482947E83D00438A6B /* ExpenseTrackerApp.swift in Sources */ = {isa = PBXBuildFile; fileRef = 616954472947E83D00438A6B /* ExpenseTrackerApp.swift */; };
		6169544A2947E83D00438A6B /* ContentView.swift in Sources */ = {isa = PBXBuildFile; fileRef = 616954492947E83D00438A6B /* ContentView.swift */; };
		6169544C2947E83F00438A6B /* Assets.xcassets in Resources */ = {isa = PBXBuildFile; fileRef = 6169544B2947E83F00438A6B /* Assets.xcassets */; };
		6169544F2947E83F00438A6B /* Preview Assets.xcassets in Resources */ = {isa = PBXBuildFile; fileRef = 6169544E2947E83F00438A6B /* Preview Assets.xcassets */; };
		616954562947ED2500438A6B /* Home.swift in Sources */ = {isa = PBXBuildFile; fileRef = 616954552947ED2500438A6B /* Home.swift */; };
		616954582947ED5D00438A6B /* TransactionCardView.swift in Sources */ = {isa = PBXBuildFile; fileRef = 616954572947ED5D00438A6B /* TransactionCardView.swift */; };
		6169545A2947ED8800438A6B /* Expense.swift in Sources */ = {isa = PBXBuildFile; fileRef = 616954592947ED8800438A6B /* Expense.swift */; };
		6169545C2947EDB700438A6B /* ExpenseViewModel.swift in Sources */ = {isa = PBXBuildFile; fileRef = 6169545B2947EDB700438A6B /* ExpenseViewModel.swift */; };
		6169545E2947EDEB00438A6B /* FilteredDetailView.swift in Sources */ = {isa = PBXBuildFile; fileRef = 6169545D2947EDEB00438A6B /* FilteredDetailView.swift */; };
		616954602947EE2600438A6B /* ExpenseCard.swift in Sources */ = {isa = PBXBuildFile; fileRef = 6169545F2947EE2600438A6B /* ExpenseCard.swift */; };
		616954622947EE6100438A6B /* NewExpense.swift in Sources */ = {isa = PBXBuildFile; fileRef = 616954612947EE6100438A6B /* NewExpense.swift */; };
/* End PBXBuildFile section */

/* Begin PBXFileReference section */
		6160E125295F47B500896F7E /* Preview Content */ = {isa = PBXFileReference; lastKnownFileType = folder; path = "Preview Content"; sourceTree = "<group>"; };
		616954442947E83D00438A6B /* ExpenseTracker.app */ = {isa = PBXFileReference; explicitFileType = wrapper.application; includeInIndex = 0; path = ExpenseTracker.app; sourceTree = BUILT_PRODUCTS_DIR; };
		616954472947E83D00438A6B /* ExpenseTrackerApp.swift */ = {isa = PBXFileReference; lastKnownFileType = sourcecode.swift; path = ExpenseTrackerApp.swift; sourceTree = "<group>"; };
		616954492947E83D00438A6B /* ContentView.swift */ = {isa = PBXFileReference; lastKnownFileType = sourcecode.swift; path = ContentView.swift; sourceTree = "<group>"; };
		6169544B2947E83F00438A6B /* Assets.xcassets */ = {isa = PBXFileReference; lastKnownFileType = folder.assetcatalog; path = Assets.xcassets; sourceTree = "<group>"; };
		6169544E2947E83F00438A6B /* Preview Assets.xcassets */ = {isa = PBXFileReference; lastKnownFileType = folder.assetcatalog; path = "Preview Assets.xcassets"; sourceTree = "<group>"; };
		616954552947ED2500438A6B /* Home.swift */ = {isa = PBXFileReference; lastKnownFileType = sourcecode.swift; path = Home.swift; sourceTree = "<group>"; };
		616954572947ED5D00438A6B /* TransactionCardView.swift */ = {isa = PBXFileReference; lastKnownFileType = sourcecode.swift; path = TransactionCardView.swift; sourceTree = "<group>"; };
		616954592947ED8800438A6B /* Expense.swift */ = {isa = PBXFileReference; lastKnownFileType = sourcecode.swift; path = Expense.swift; sourceTree = "<group>"; };
		6169545B2947EDB700438A6B /* ExpenseViewModel.swift */ = {isa = PBXFileReference; lastKnownFileType = sourcecode.swift; path = ExpenseViewModel.swift; sourceTree = "<group>"; };
		6169545D2947EDEB00438A6B /* FilteredDetailView.swift */ = {isa = PBXFileReference; lastKnownFileType = sourcecode.swift; path = FilteredDetailView.swift; sourceTree = "<group>"; };
		6169545F2947EE2600438A6B /* ExpenseCard.swift */ = {isa = PBXFileReference; lastKnownFileType = sourcecode.swift; path = ExpenseCard.swift; sourceTree = "<group>"; };
		616954612947EE6100438A6B /* NewExpense.swift */ = {isa = PBXFileReference; lastKnownFileType = sourcecode.swift; path = NewExpense.swift; sourceTree = "<group>"; };
/* End PBXFileReference section */

/* Begin PBXFrameworksBuildPhase section */
		616954412947E83D00438A6B /* Frameworks */ = {
			isa = PBXFrameworksBuildPhase;
			buildActionMask = 2147483647;
			files = (
				6160E119295F403E00896F7E /* PrettyAxis in Frameworks */,
			);
			runOnlyForDeploymentPostprocessing = 0;
		};
/* End PBXFrameworksBuildPhase section */

/* Begin PBXGroup section */
		6169543B2947E83D00438A6B = {
			isa = PBXGroup;
			children = (
				616954462947E83D00438A6B /* ExpenseTracker */,
				616954452947E83D00438A6B /* Products */,
			);
			sourceTree = "<group>";
		};
		616954452947E83D00438A6B /* Products */ = {
			isa = PBXGroup;
			children = (
				616954442947E83D00438A6B /* ExpenseTracker.app */,
			);
			name = Products;
			sourceTree = "<group>";
		};
		616954462947E83D00438A6B /* ExpenseTracker */ = {
			isa = PBXGroup;
			children = (
				6169545B2947EDB700438A6B /* ExpenseViewModel.swift */,
				616954592947ED8800438A6B /* Expense.swift */,
				6160E125295F47B500896F7E /* Preview Content */,
				6169545D2947EDEB00438A6B /* FilteredDetailView.swift */,
				6169545F2947EE2600438A6B /* ExpenseCard.swift */,
				616954612947EE6100438A6B /* NewExpense.swift */,
				616954472947E83D00438A6B /* ExpenseTrackerApp.swift */,
				616954572947ED5D00438A6B /* TransactionCardView.swift */,
				616954492947E83D00438A6B /* ContentView.swift */,
				616954552947ED2500438A6B /* Home.swift */,
				6169544B2947E83F00438A6B /* Assets.xcassets */,
				6169544D2947E83F00438A6B /* Preview Content */,
			);
			path = ExpenseTracker;
			sourceTree = "<group>";
		};
		6169544D2947E83F00438A6B /* Preview Content */ = {
			isa = PBXGroup;
			children = (
				6169544E2947E83F00438A6B /* Preview Assets.xcassets */,
			);
			path = "Preview Content";
			sourceTree = "<group>";
		};
/* End PBXGroup section */

/* Begin PBXNativeTarget section */
		616954432947E83D00438A6B /* ExpenseTracker */ = {
			isa = PBXNativeTarget;
			buildConfigurationList = 616954522947E83F00438A6B /* Build configuration list for PBXNativeTarget "ExpenseTracker" */;
			buildPhases = (
				616954402947E83D00438A6B /* Sources */,
				616954412947E83D00438A6B /* Frameworks */,
				616954422947E83D00438A6B /* Resources */,
			);
			buildRules = (
			);
			dependencies = (
			);
			name = ExpenseTracker;
			packageProductDependencies = (
				6160E118295F403E00896F7E /* PrettyAxis */,
			);
			productName = ExpenseTracker;
			productReference = 616954442947E83D00438A6B /* ExpenseTracker.app */;
			productType = "com.apple.product-type.application";
		};
/* End PBXNativeTarget section */

/* Begin PBXProject section */
		6169543C2947E83D00438A6B /* Project object */ = {
			isa = PBXProject;
			attributes = {
				BuildIndependentTargetsInParallel = 1;
				LastSwiftUpdateCheck = 1340;
				LastUpgradeCheck = 1340;
				TargetAttributes = {
					616954432947E83D00438A6B = {
						CreatedOnToolsVersion = 13.4.1;
					};
				};
			};
			buildConfigurationList = 6169543F2947E83D00438A6B /* Build configuration list for PBXProject "ExpenseTracker" */;
			compatibilityVersion = "Xcode 13.0";
			developmentRegion = en;
			hasScannedForEncodings = 0;
			knownRegions = (
				en,
				Base,
			);
			mainGroup = 6169543B2947E83D00438A6B;
			packageReferences = (
				6160E117295F403E00896F7E /* XCRemoteSwiftPackageReference "PrettyAxis" */,
			);
			productRefGroup = 616954452947E83D00438A6B /* Products */;
			projectDirPath = "";
			projectRoot = "";
			targets = (
				616954432947E83D00438A6B /* ExpenseTracker */,
			);
		};
/* End PBXProject section */

/* Begin PBXResourcesBuildPhase section */
		616954422947E83D00438A6B /* Resources */ = {
			isa = PBXResourcesBuildPhase;
			buildActionMask = 2147483647;
			files = (
				6169544F2947E83F00438A6B /* Preview Assets.xcassets in Resources */,
				6160E12B295F47B500896F7E /* Preview Content in Resources */,
				6169544C2947E83F00438A6B /* Assets.xcassets in Resources */,
			);
			runOnlyForDeploymentPostprocessing = 0;
		};
/* End PBXResourcesBuildPhase section */

/* Begin PBXSourcesBuildPhase section */
		616954402947E83D00438A6B /* Sources */ = {
			isa = PBXSourcesBuildPhase;
			buildActionMask = 2147483647;
			files = (
				6169544A2947E83D00438A6B /* ContentView.swift in Sources */,
				6169545E2947EDEB00438A6B /* FilteredDetailView.swift in Sources */,
				6169545C2947EDB700438A6B /* ExpenseViewModel.swift in Sources */,
				616954622947EE6100438A6B /* NewExpense.swift in Sources */,
				616954562947ED2500438A6B /* Home.swift in Sources */,
				616954482947E83D00438A6B /* ExpenseTrackerApp.swift in Sources */,
				616954582947ED5D00438A6B /* TransactionCardView.swift in Sources */,
				616954602947EE2600438A6B /* ExpenseCard.swift in Sources */,
				6169545A2947ED8800438A6B /* Expense.swift in Sources */,
			);
			runOnlyForDeploymentPostprocessing = 0;
		};
/* End PBXSourcesBuildPhase section */

/* Begin XCBuildConfiguration section */
		616954502947E83F00438A6B /* Debug */ = {
			isa = XCBuildConfiguration;
			buildSettings = {
				ALWAYS_SEARCH_USER_PATHS = NO;
				CLANG_ANALYZER_NONNULL = YES;
				CLANG_ANALYZER_NUMBER_OBJECT_CONVERSION = YES_AGGRESSIVE;
				CLANG_CXX_LANGUAGE_STANDARD = "gnu++17";
				CLANG_ENABLE_MODULES = YES;
				CLANG_ENABLE_OBJC_ARC = YES;
				CLANG_ENABLE_OBJC_WEAK = YES;
				CLANG_WARN_BLOCK_CAPTURE_AUTORELEASING = YES;
				CLANG_WARN_BOOL_CONVERSION = YES;
				CLANG_WARN_COMMA = YES;
				CLANG_WARN_CONSTANT_CONVERSION = YES;
				CLANG_WARN_DEPRECATED_OBJC_IMPLEMENTATIONS = YES;
				CLANG_WARN_DIRECT_OBJC_ISA_USAGE = YES_ERROR;
				CLANG_WARN_DOCUMENTATION_COMMENTS = YES;
				CLANG_WARN_EMPTY_BODY = YES;
				CLANG_WARN_ENUM_CONVERSION = YES;
				CLANG_WARN_INFINITE_RECURSION = YES;
				CLANG_WARN_INT_CONVERSION = YES;
				CLANG_WARN_NON_LITERAL_NULL_CONVERSION = YES;
				CLANG_WARN_OBJC_IMPLICIT_RETAIN_SELF = YES;
				CLANG_WARN_OBJC_LITERAL_CONVERSION = YES;
				CLANG_WARN_OBJC_ROOT_CLASS = YES_ERROR;
				CLANG_WARN_QUOTED_INCLUDE_IN_FRAMEWORK_HEADER = YES;
				CLANG_WARN_RANGE_LOOP_ANALYSIS = YES;
				CLANG_WARN_STRICT_PROTOTYPES = YES;
				CLANG_WARN_SUSPICIOUS_MOVE = YES;
				CLANG_WARN_UNGUARDED_AVAILABILITY = YES_AGGRESSIVE;
				CLANG_WARN_UNREACHABLE_CODE = YES;
				CLANG_WARN__DUPLICATE_METHOD_MATCH = YES;
				COPY_PHASE_STRIP = NO;
				DEBUG_INFORMATION_FORMAT = dwarf;
				ENABLE_STRICT_OBJC_MSGSEND = YES;
				ENABLE_TESTABILITY = YES;
				GCC_C_LANGUAGE_STANDARD = gnu11;
				GCC_DYNAMIC_NO_PIC = NO;
				GCC_NO_COMMON_BLOCKS = YES;
				GCC_OPTIMIZATION_LEVEL = 0;
				GCC_PREPROCESSOR_DEFINITIONS = (
					"DEBUG=1",
					"$(inherited)",
				);
				GCC_WARN_64_TO_32_BIT_CONVERSION = YES;
				GCC_WARN_ABOUT_RETURN_TYPE = YES_ERROR;
				GCC_WARN_UNDECLARED_SELECTOR = YES;
				GCC_WARN_UNINITIALIZED_AUTOS = YES_AGGRESSIVE;
				GCC_WARN_UNUSED_FUNCTION = YES;
				GCC_WARN_UNUSED_VARIABLE = YES;
				IPHONEOS_DEPLOYMENT_TARGET = 15.5;
				MTL_ENABLE_DEBUG_INFO = INCLUDE_SOURCE;
				MTL_FAST_MATH = YES;
				ONLY_ACTIVE_ARCH = YES;
				SDKROOT = iphoneos;
				SWIFT_ACTIVE_COMPILATION_CONDITIONS = DEBUG;
				SWIFT_OPTIMIZATION_LEVEL = "-Onone";
			};
			name = Debug;
		};
		616954512947E83F00438A6B /* Release */ = {
			isa = XCBuildConfiguration;
			buildSettings = {
				ALWAYS_SEARCH_USER_PATHS = NO;
				CLANG_ANALYZER_NONNULL = YES;
				CLANG_ANALYZER_NUMBER_OBJECT_CONVERSION = YES_AGGRESSIVE;
				CLANG_CXX_LANGUAGE_STANDARD = "gnu++17";
				CLANG_ENABLE_MODULES = YES;
				CLANG_ENABLE_OBJC_ARC = YES;
				CLANG_ENABLE_OBJC_WEAK = YES;
				CLANG_WARN_BLOCK_CAPTURE_AUTORELEASING = YES;
				CLANG_WARN_BOOL_CONVERSION = YES;
				CLANG_WARN_COMMA = YES;
				CLANG_WARN_CONSTANT_CONVERSION = YES;
				CLANG_WARN_DEPRECATED_OBJC_IMPLEMENTATIONS = YES;
				CLANG_WARN_DIRECT_OBJC_ISA_USAGE = YES_ERROR;
				CLANG_WARN_DOCUMENTATION_COMMENTS = YES;
				CLANG_WARN_EMPTY_BODY = YES;
				CLANG_WARN_ENUM_CONVERSION = YES;
				CLANG_WARN_INFINITE_RECURSION = YES;
				CLANG_WARN_INT_CONVERSION = YES;
				CLANG_WARN_NON_LITERAL_NULL_CONVERSION = YES;
				CLANG_WARN_OBJC_IMPLICIT_RETAIN_SELF = YES;
				CLANG_WARN_OBJC_LITERAL_CONVERSION = YES;
				CLANG_WARN_OBJC_ROOT_CLASS = YES_ERROR;
				CLANG_WARN_QUOTED_INCLUDE_IN_FRAMEWORK_HEADER = YES;
				CLANG_WARN_RANGE_LOOP_ANALYSIS = YES;
				CLANG_WARN_STRICT_PROTOTYPES = YES;
				CLANG_WARN_SUSPICIOUS_MOVE = YES;
				CLANG_WARN_UNGUARDED_AVAILABILITY = YES_AGGRESSIVE;
				CLANG_WARN_UNREACHABLE_CODE = YES;
				CLANG_WARN__DUPLICATE_METHOD_MATCH = YES;
				COPY_PHASE_STRIP = NO;
				DEBUG_INFORMATION_FORMAT = "dwarf-with-dsym";
				ENABLE_NS_ASSERTIONS = NO;
				ENABLE_STRICT_OBJC_MSGSEND = YES;
				GCC_C_LANGUAGE_STANDARD = gnu11;
				GCC_NO_COMMON_BLOCKS = YES;
				GCC_WARN_64_TO_32_BIT_CONVERSION = YES;
				GCC_WARN_ABOUT_RETURN_TYPE = YES_ERROR;
				GCC_WARN_UNDECLARED_SELECTOR = YES;
				GCC_WARN_UNINITIALIZED_AUTOS = YES_AGGRESSIVE;
				GCC_WARN_UNUSED_FUNCTION = YES;
				GCC_WARN_UNUSED_VARIABLE = YES;
				IPHONEOS_DEPLOYMENT_TARGET = 15.5;
				MTL_ENABLE_DEBUG_INFO = NO;
				MTL_FAST_MATH = YES;
				SDKROOT = iphoneos;
				SWIFT_COMPILATION_MODE = wholemodule;
				SWIFT_OPTIMIZATION_LEVEL = "-O";
				VALIDATE_PRODUCT = YES;
			};
			name = Release;
		};
		616954532947E83F00438A6B /* Debug */ = {
			isa = XCBuildConfiguration;
			buildSettings = {
				ASSETCATALOG_COMPILER_APPICON_NAME = AppIcon;
				ASSETCATALOG_COMPILER_GLOBAL_ACCENT_COLOR_NAME = AccentColor;
				CODE_SIGN_STYLE = Automatic;
				CURRENT_PROJECT_VERSION = 1;
				DEVELOPMENT_ASSET_PATHS = "\"ExpenseTracker/Preview Content\"";
				DEVELOPMENT_TEAM = 6HV2AWYVDS;
				ENABLE_PREVIEWS = YES;
				GENERATE_INFOPLIST_FILE = YES;
				INFOPLIST_KEY_UIApplicationSceneManifest_Generation = YES;
				INFOPLIST_KEY_UIApplicationSupportsIndirectInputEvents = YES;
				INFOPLIST_KEY_UILaunchScreen_Generation = YES;
				INFOPLIST_KEY_UISupportedInterfaceOrientations_iPad = "UIInterfaceOrientationPortrait UIInterfaceOrientationPortraitUpsideDown UIInterfaceOrientationLandscapeLeft UIInterfaceOrientationLandscapeRight";
				INFOPLIST_KEY_UISupportedInterfaceOrientations_iPhone = "UIInterfaceOrientationPortrait UIInterfaceOrientationLandscapeLeft UIInterfaceOrientationLandscapeRight";
				LD_RUNPATH_SEARCH_PATHS = (
					"$(inherited)",
					"@executable_path/Frameworks",
				);
				MARKETING_VERSION = 1.0;
				PRODUCT_BUNDLE_IDENTIFIER = nadeera.ExpenseTracker;
				PRODUCT_NAME = "$(TARGET_NAME)";
				SWIFT_EMIT_LOC_STRINGS = YES;
				SWIFT_VERSION = 5.0;
				TARGETED_DEVICE_FAMILY = "1,2";
			};
			name = Debug;
		};
		616954542947E83F00438A6B /* Release */ = {
			isa = XCBuildConfiguration;
			buildSettings = {
				ASSETCATALOG_COMPILER_APPICON_NAME = AppIcon;
				ASSETCATALOG_COMPILER_GLOBAL_ACCENT_COLOR_NAME = AccentColor;
				CODE_SIGN_STYLE = Automatic;
				CURRENT_PROJECT_VERSION = 1;
				DEVELOPMENT_ASSET_PATHS = "\"ExpenseTracker/Preview Content\"";
				DEVELOPMENT_TEAM = 6HV2AWYVDS;
				ENABLE_PREVIEWS = YES;
				GENERATE_INFOPLIST_FILE = YES;
				INFOPLIST_KEY_UIApplicationSceneManifest_Generation = YES;
				INFOPLIST_KEY_UIApplicationSupportsIndirectInputEvents = YES;
				INFOPLIST_KEY_UILaunchScreen_Generation = YES;
				INFOPLIST_KEY_UISupportedInterfaceOrientations_iPad = "UIInterfaceOrientationPortrait UIInterfaceOrientationPortraitUpsideDown UIInterfaceOrientationLandscapeLeft UIInterfaceOrientationLandscapeRight";
				INFOPLIST_KEY_UISupportedInterfaceOrientations_iPhone = "UIInterfaceOrientationPortrait UIInterfaceOrientationLandscapeLeft UIInterfaceOrientationLandscapeRight";
				LD_RUNPATH_SEARCH_PATHS = (
					"$(inherited)",
					"@executable_path/Frameworks",
				);
				MARKETING_VERSION = 1.0;
				PRODUCT_BUNDLE_IDENTIFIER = nadeera.ExpenseTracker;
				PRODUCT_NAME = "$(TARGET_NAME)";
				SWIFT_EMIT_LOC_STRINGS = YES;
				SWIFT_VERSION = 5.0;
				TARGETED_DEVICE_FAMILY = "1,2";
			};
			name = Release;
		};
/* End XCBuildConfiguration section */

/* Begin XCConfigurationList section */
		6169543F2947E83D00438A6B /* Build configuration list for PBXProject "ExpenseTracker" */ = {
			isa = XCConfigurationList;
			buildConfigurations = (
				616954502947E83F00438A6B /* Debug */,
				616954512947E83F00438A6B /* Release */,
			);
			defaultConfigurationIsVisible = 0;
			defaultConfigurationName = Release;
		};
		616954522947E83F00438A6B /* Build configuration list for PBXNativeTarget "ExpenseTracker" */ = {
			isa = XCConfigurationList;
			buildConfigurations = (
				616954532947E83F00438A6B /* Debug */,
				616954542947E83F00438A6B /* Release */,
			);
			defaultConfigurationIsVisible = 0;
			defaultConfigurationName = Release;
		};
/* End XCConfigurationList section */

/* Begin XCRemoteSwiftPackageReference section */
		6160E117295F403E00896F7E /* XCRemoteSwiftPackageReference "PrettyAxis" */ = {
			isa = XCRemoteSwiftPackageReference;
			repositoryURL = "https://github.com/RiuHDuo/PrettyAxis.git";
			requirement = {
				branch = main;
				kind = branch;
			};
		};
/* End XCRemoteSwiftPackageReference section */

/* Begin XCSwiftPackageProductDependency section */
		6160E118295F403E00896F7E /* PrettyAxis */ = {
			isa = XCSwiftPackageProductDependency;
			package = 6160E117295F403E00896F7E /* XCRemoteSwiftPackageReference "PrettyAxis" */;
			productName = PrettyAxis;
		};
/* End XCSwiftPackageProductDependency section */
	};
	rootObject = 6169543C2947E83D00438A6B /* Project object */;
}
